
Microsoft Visual Studio Solution File, Format Version 12.00
# Visual Studio Version 16
VisualStudioVersion = 16.0.29424.173
MinimumVisualStudioVersion = 10.0.40219.1
Project("{FAE04EC0-301F-11D3-BF4B-00C04F79EFBC}") = "Advent8_12Solver", "Advent8_12Solver\Advent8_12Solver.csproj", "{3F1CBAC6-CB30-45E9-9784-9BEC1047571F}"
EndProject
Project("{9A19103F-16F7-4668-BE54-9A1E7A4F7556}") = "AdventOfCode2019Solver_Silver", "AdventOfCode2019Solver_Silver\AdventOfCode2019Solver_Silver.csproj", "{C460175D-F820-4068-9822-FF00D43E2DFA}"
EndProject
Global
	GlobalSection(SolutionConfigurationPlatforms) = preSolution
		Debug|Any CPU = Debug|Any CPU
		Release|Any CPU = Release|Any CPU
	EndGlobalSection
	GlobalSection(ProjectConfigurationPlatforms) = postSolution
		{3F1CBAC6-CB30-45E9-9784-9BEC1047571F}.Debug|Any CPU.ActiveCfg = Debug|Any CPU
		{3F1CBAC6-CB30-45E9-9784-9BEC1047571F}.Debug|Any CPU.Build.0 = Debug|Any CPU
		{3F1CBAC6-CB30-45E9-9784-9BEC1047571F}.Release|Any CPU.ActiveCfg = Release|Any CPU
		{3F1CBAC6-CB30-45E9-9784-9BEC1047571F}.Release|Any CPU.Build.0 = Release|Any CPU
		{C460175D-F820-4068-9822-FF00D43E2DFA}.Debug|Any CPU.ActiveCfg = Debug|Any CPU
		{C460175D-F820-4068-9822-FF00D43E2DFA}.Debug|Any CPU.Build.0 = Debug|Any CPU
		{C460175D-F820-4068-9822-FF00D43E2DFA}.Release|Any CPU.ActiveCfg = Release|Any CPU
		{C460175D-F820-4068-9822-FF00D43E2DFA}.Release|Any CPU.Build.0 = Release|Any CPU
	EndGlobalSection
	GlobalSection(SolutionProperties) = preSolution
		HideSolutionNode = FALSE
	EndGlobalSection
	GlobalSection(ExtensibilityGlobals) = postSolution
		SolutionGuid = {432076AA-1D5E-4FFB-8404-35C9FA0ACB39}
	EndGlobalSection
EndGlobal
